
Microsoft Visual Studio Solution File, Format Version 12.00
# Visual Studio Version 17
VisualStudioVersion = 17.0.31717.71
MinimumVisualStudioVersion = 10.0.40219.1
Project("{9A19103F-16F7-4668-BE54-9A1E7A4F7556}") = "SimpleBotBlazor", "SimpleBotBlazor.csproj", "{44A80858-05B2-483C-B0C2-166B0CC79ECD}"
EndProject
Global
	GlobalSection(SolutionConfigurationPlatforms) = preSolution
		Debug|Any CPU = Debug|Any CPU
		Release|Any CPU = Release|Any CPU
	EndGlobalSection
	GlobalSection(ProjectConfigurationPlatforms) = postSolution
		{44A80858-05B2-483C-B0C2-166B0CC79ECD}.Debug|Any CPU.ActiveCfg = Debug|Any CPU
		{44A80858-05B2-483C-B0C2-166B0CC79ECD}.Debug|Any CPU.Build.0 = Debug|Any CPU
		{44A80858-05B2-483C-B0C2-166B0CC79ECD}.Release|Any CPU.ActiveCfg = Release|Any CPU
		{44A80858-05B2-483C-B0C2-166B0CC79ECD}.Release|Any CPU.Build.0 = Release|Any CPU
	EndGlobalSection
	GlobalSection(SolutionProperties) = preSolution
		HideSolutionNode = FALSE
	EndGlobalSection
	GlobalSection(ExtensibilityGlobals) = postSolution
		SolutionGuid = {70E7C33C-DA46-4E97-BA33-82B0FC03AA92}
	EndGlobalSection
EndGlobal